
Microsoft Visual Studio Solution File, Format Version 12.00
# Visual Studio Version 16
VisualStudioVersion = 16.0.34031.81
MinimumVisualStudioVersion = 10.0.40219.1
Project("{2150E333-8FDC-42A3-9474-1A3956D46DE8}") = "Task0", "Task0", "{D8741502-386E-4808-9E9F-06357D056776}"
EndProject
Project("{FAE04EC0-301F-11D3-BF4B-00C04F79EFBC}") = "Tyuiu.UsoltsevAD.Sprint4.Task0.V11", "Tyuiu.UsoltsevAD.Sprint4.Task0.V11\Tyuiu.UsoltsevAD.Sprint4.Task0.V11.csproj", "{8D257B99-F756-442B-8841-BA8378549F63}"
EndProject
Project("{FAE04EC0-301F-11D3-BF4B-00C04F79EFBC}") = "Tyuiu.UsoltsevAD.Sprint4.Task0.V11.Lib", "Tyuiu.UsoltsevAD.Sprint4.Task0.V11.Lib\Tyuiu.UsoltsevAD.Sprint4.Task0.V11.Lib.csproj", "{E1478D27-026B-420E-B9D6-110841526CDB}"
EndProject
Project("{FAE04EC0-301F-11D3-BF4B-00C04F79EFBC}") = "Tyuiu.UsoltsevAD.Sprint4.Task0.V11.Test", "Tyuiu.UsoltsevAD.Sprint4.Task0.V11.Test\Tyuiu.UsoltsevAD.Sprint4.Task0.V11.Test.csproj", "{E8720F52-E1F7-4007-8F5A-650F599AB454}"
EndProject
Project("{2150E333-8FDC-42A3-9474-1A3956D46DE8}") = "Task1", "Task1", "{B733B51A-787F-4C79-8ACF-0C22ECAFD189}"
EndProject
Project("{FAE04EC0-301F-11D3-BF4B-00C04F79EFBC}") = "Tyuiu.UsoltsevAD.Sprint4.Task1.V24", "Tyuiu.UsoltsevAD.Sprint4.Task1.V24\Tyuiu.UsoltsevAD.Sprint4.Task1.V24.csproj", "{482FC5C8-11CC-4F27-A431-CFDA3BDD1275}"
EndProject
Project("{FAE04EC0-301F-11D3-BF4B-00C04F79EFBC}") = "Tyuiu.UsoltsevAD.Sprint4.Task1.V24.Lib", "Tyuiu.UsoltsevAD.Sprint4.Task1.V24.Lib\Tyuiu.UsoltsevAD.Sprint4.Task1.V24.Lib.csproj", "{69FE9D54-A376-42C0-84DB-781D17E8FA5E}"
EndProject
Project("{FAE04EC0-301F-11D3-BF4B-00C04F79EFBC}") = "Tyuiu.UsoltsevAD.Sprint4.Task1.V24.Test", "Tyuiu.UsoltsevAD.Sprint4.Task1.V24.Test\Tyuiu.UsoltsevAD.Sprint4.Task1.V24.Test.csproj", "{BF182A85-CA22-40FE-9D39-2492F2081B94}"
EndProject
Project("{2150E333-8FDC-42A3-9474-1A3956D46DE8}") = "Task2", "Task2", "{6393E446-FA32-4D0C-B320-0BD0040FC407}"
EndProject
Project("{FAE04EC0-301F-11D3-BF4B-00C04F79EFBC}") = "Tyuiu.UsoltsevAD.Sprint4.Task2.V28", "Tyuiu.UsoltsevAD.Sprint4.Task2.V28\Tyuiu.UsoltsevAD.Sprint4.Task2.V28.csproj", "{19BDDE2D-95A4-4B1B-9BD0-270454282AA7}"
EndProject
Project("{FAE04EC0-301F-11D3-BF4B-00C04F79EFBC}") = "Tyuiu.UsoltsevAD.Sprint4.Task2.V28.Lib", "Tyuiu.UsoltsevAD.Sprint4.Task2.V28.Lib\Tyuiu.UsoltsevAD.Sprint4.Task2.V28.Lib.csproj", "{BCC85CA0-4229-4F3C-A5E5-5ABCDD70133C}"
EndProject
Project("{FAE04EC0-301F-11D3-BF4B-00C04F79EFBC}") = "Tyuiu.UsoltsevAD.Sprint4.Task2.V28.Test", "Tyuiu.UsoltsevAD.Sprint4.Task2.V28.Test\Tyuiu.UsoltsevAD.Sprint4.Task2.V28.Test.csproj", "{A4AEB2CA-C6F7-455B-B5FE-41DA8620C5A5}"
EndProject
Project("{2150E333-8FDC-42A3-9474-1A3956D46DE8}") = "Task3", "Task3", "{F63BFCC1-34E4-42B1-BE57-9ED0DA13BD8F}"
EndProject
Project("{FAE04EC0-301F-11D3-BF4B-00C04F79EFBC}") = "Tyuiu.UsoltsevAD.Sprint4.Task3.V16", "Tyuiu.UsoltsevAD.Sprint4.Task3.V16\Tyuiu.UsoltsevAD.Sprint4.Task3.V16.csproj", "{56DE78C7-15C1-44EC-9E95-39BF53393AAE}"
EndProject
Project("{FAE04EC0-301F-11D3-BF4B-00C04F79EFBC}") = "Tyuiu.UsoltsevAD.Sprint4.Task3.V16.Lib", "Tyuiu.UsoltsevAD.Sprint4.Task3.V16.Lib\Tyuiu.UsoltsevAD.Sprint4.Task3.V16.Lib.csproj", "{3CA838AE-2056-4A77-9BD6-3615865E8CD9}"
EndProject
Project("{FAE04EC0-301F-11D3-BF4B-00C04F79EFBC}") = "Tyuiu.UsoltsevAD.Sprint4.Task3.V16.Test", "Tyuiu.UsoltsevAD.Sprint4.Task3.V16.Test\Tyuiu.UsoltsevAD.Sprint4.Task3.V16.Test.csproj", "{A7216BA4-6A36-4C77-97C9-F4282E75BDFA}"
EndProject
Project("{2150E333-8FDC-42A3-9474-1A3956D46DE8}") = "Task4", "Task4", "{EC636F83-D728-41E3-B239-46C04FE10449}"
EndProject
Project("{FAE04EC0-301F-11D3-BF4B-00C04F79EFBC}") = "Tyuiu.UsoltsevAD.Sprint4.Task4.V16", "Tyuiu.UsoltsevAD.Sprint4.Task4.V16\Tyuiu.UsoltsevAD.Sprint4.Task4.V16.csproj", "{65259D52-999B-4DFF-9E05-67617864996E}"
EndProject
Project("{FAE04EC0-301F-11D3-BF4B-00C04F79EFBC}") = "Tyuiu.UsoltsevAD.Sprint4.Task4.V16.Lib", "Tyuiu.UsoltsevAD.Sprint4.Task4.V16.Lib\Tyuiu.UsoltsevAD.Sprint4.Task4.V16.Lib.csproj", "{4E574725-5C21-455D-9F72-C3EFC4C9662D}"
EndProject
Project("{FAE04EC0-301F-11D3-BF4B-00C04F79EFBC}") = "Tyuiu.UsoltsevAD.Sprint4.Task4.V16.Test", "Tyuiu.UsoltsevAD.Sprint4.Task4.V16.Test\Tyuiu.UsoltsevAD.Sprint4.Task4.V16.Test.csproj", "{618F8E4F-3526-4E0F-BE29-B1B465690DB4}"
EndProject
Project("{2150E333-8FDC-42A3-9474-1A3956D46DE8}") = "Task5", "Task5", "{BC0F05D5-2A4E-4F2F-A9DA-21FDE3BD8C7A}"
EndProject
Project("{FAE04EC0-301F-11D3-BF4B-00C04F79EFBC}") = "Tyuiu.UsoltsevAD.Sprint4.Task5.V25", "Tyuiu.UsoltsevAD.Sprint4.Task5.V25\Tyuiu.UsoltsevAD.Sprint4.Task5.V25.csproj", "{4C58CDFD-7129-487B-AD41-821B043B99DD}"
EndProject
Project("{FAE04EC0-301F-11D3-BF4B-00C04F79EFBC}") = "Tyuiu.UsoltsevAD.Sprint4.Task5.V25.Lib", "Tyuiu.UsoltsevAD.Sprint4.Task5.V25.Lib\Tyuiu.UsoltsevAD.Sprint4.Task5.V25.Lib.csproj", "{B6F37BBF-36EB-4DBF-BB0F-F4C8E26FC3C0}"
EndProject
Project("{FAE04EC0-301F-11D3-BF4B-00C04F79EFBC}") = "Tyuiu.UsoltsevAD.Sprint4.Task5.V25.Test", "Tyuiu.UsoltsevAD.Sprint4.Task5.V25.Test\Tyuiu.UsoltsevAD.Sprint4.Task5.V25.Test.csproj", "{D4EBCB02-FDBE-4EB1-AC4E-C1643F32893B}"
EndProject
Global
	GlobalSection(SolutionConfigurationPlatforms) = preSolution
		Debug|Any CPU = Debug|Any CPU
		Release|Any CPU = Release|Any CPU
	EndGlobalSection
	GlobalSection(ProjectConfigurationPlatforms) = postSolution
		{8D257B99-F756-442B-8841-BA8378549F63}.Debug|Any CPU.ActiveCfg = Debug|Any CPU
		{8D257B99-F756-442B-8841-BA8378549F63}.Debug|Any CPU.Build.0 = Debug|Any CPU
		{8D257B99-F756-442B-8841-BA8378549F63}.Release|Any CPU.ActiveCfg = Release|Any CPU
		{8D257B99-F756-442B-8841-BA8378549F63}.Release|Any CPU.Build.0 = Release|Any CPU
		{E1478D27-026B-420E-B9D6-110841526CDB}.Debug|Any CPU.ActiveCfg = Debug|Any CPU
		{E1478D27-026B-420E-B9D6-110841526CDB}.Debug|Any CPU.Build.0 = Debug|Any CPU
		{E1478D27-026B-420E-B9D6-110841526CDB}.Release|Any CPU.ActiveCfg = Release|Any CPU
		{E1478D27-026B-420E-B9D6-110841526CDB}.Release|Any CPU.Build.0 = Release|Any CPU
		{E8720F52-E1F7-4007-8F5A-650F599AB454}.Debug|Any CPU.ActiveCfg = Debug|Any CPU
		{E8720F52-E1F7-4007-8F5A-650F599AB454}.Debug|Any CPU.Build.0 = Debug|Any CPU
		{E8720F52-E1F7-4007-8F5A-650F599AB454}.Release|Any CPU.ActiveCfg = Release|Any CPU
		{E8720F52-E1F7-4007-8F5A-650F599AB454}.Release|Any CPU.Build.0 = Release|Any CPU
		{482FC5C8-11CC-4F27-A431-CFDA3BDD1275}.Debug|Any CPU.ActiveCfg = Debug|Any CPU
		{482FC5C8-11CC-4F27-A431-CFDA3BDD1275}.Debug|Any CPU.Build.0 = Debug|Any CPU
		{482FC5C8-11CC-4F27-A431-CFDA3BDD1275}.Release|Any CPU.ActiveCfg = Release|Any CPU
		{482FC5C8-11CC-4F27-A431-CFDA3BDD1275}.Release|Any CPU.Build.0 = Release|Any CPU
		{69FE9D54-A376-42C0-84DB-781D17E8FA5E}.Debug|Any CPU.ActiveCfg = Debug|Any CPU
		{69FE9D54-A376-42C0-84DB-781D17E8FA5E}.Debug|Any CPU.Build.0 = Debug|Any CPU
		{69FE9D54-A376-42C0-84DB-781D17E8FA5E}.Release|Any CPU.ActiveCfg = Release|Any CPU
		{69FE9D54-A376-42C0-84DB-781D17E8FA5E}.Release|Any CPU.Build.0 = Release|Any CPU
		{BF182A85-CA22-40FE-9D39-2492F2081B94}.Debug|Any CPU.ActiveCfg = Debug|Any CPU
		{BF182A85-CA22-40FE-9D39-2492F2081B94}.Debug|Any CPU.Build.0 = Debug|Any CPU
		{BF182A85-CA22-40FE-9D39-2492F2081B94}.Release|Any CPU.ActiveCfg = Release|Any CPU
		{BF182A85-CA22-40FE-9D39-2492F2081B94}.Release|Any CPU.Build.0 = Release|Any CPU
		{19BDDE2D-95A4-4B1B-9BD0-270454282AA7}.Debug|Any CPU.ActiveCfg = Debug|Any CPU
		{19BDDE2D-95A4-4B1B-9BD0-270454282AA7}.Debug|Any CPU.Build.0 = Debug|Any CPU
		{19BDDE2D-95A4-4B1B-9BD0-270454282AA7}.Release|Any CPU.ActiveCfg = Release|Any CPU
		{19BDDE2D-95A4-4B1B-9BD0-270454282AA7}.Release|Any CPU.Build.0 = Release|Any CPU
		{BCC85CA0-4229-4F3C-A5E5-5ABCDD70133C}.Debug|Any CPU.ActiveCfg = Debug|Any CPU
		{BCC85CA0-4229-4F3C-A5E5-5ABCDD70133C}.Debug|Any CPU.Build.0 = Debug|Any CPU
		{BCC85CA0-4229-4F3C-A5E5-5ABCDD70133C}.Release|Any CPU.ActiveCfg = Release|Any CPU
		{BCC85CA0-4229-4F3C-A5E5-5ABCDD70133C}.Release|Any CPU.Build.0 = Release|Any CPU
		{A4AEB2CA-C6F7-455B-B5FE-41DA8620C5A5}.Debug|Any CPU.ActiveCfg = Debug|Any CPU
		{A4AEB2CA-C6F7-455B-B5FE-41DA8620C5A5}.Debug|Any CPU.Build.0 = Debug|Any CPU
		{A4AEB2CA-C6F7-455B-B5FE-41DA8620C5A5}.Release|Any CPU.ActiveCfg = Release|Any CPU
		{A4AEB2CA-C6F7-455B-B5FE-41DA8620C5A5}.Release|Any CPU.Build.0 = Release|Any CPU
		{56DE78C7-15C1-44EC-9E95-39BF53393AAE}.Debug|Any CPU.ActiveCfg = Debug|Any CPU
		{56DE78C7-15C1-44EC-9E95-39BF53393AAE}.Debug|Any CPU.Build.0 = Debug|Any CPU
		{56DE78C7-15C1-44EC-9E95-39BF53393AAE}.Release|Any CPU.ActiveCfg = Release|Any CPU
		{56DE78C7-15C1-44EC-9E95-39BF53393AAE}.Release|Any CPU.Build.0 = Release|Any CPU
		{3CA838AE-2056-4A77-9BD6-3615865E8CD9}.Debug|Any CPU.ActiveCfg = Debug|Any CPU
		{3CA838AE-2056-4A77-9BD6-3615865E8CD9}.Debug|Any CPU.Build.0 = Debug|Any CPU
		{3CA838AE-2056-4A77-9BD6-3615865E8CD9}.Release|Any CPU.ActiveCfg = Release|Any CPU
		{3CA838AE-2056-4A77-9BD6-3615865E8CD9}.Release|Any CPU.Build.0 = Release|Any CPU
		{A7216BA4-6A36-4C77-97C9-F4282E75BDFA}.Debug|Any CPU.ActiveCfg = Debug|Any CPU
		{A7216BA4-6A36-4C77-97C9-F4282E75BDFA}.Debug|Any CPU.Build.0 = Debug|Any CPU
		{A7216BA4-6A36-4C77-97C9-F4282E75BDFA}.Release|Any CPU.ActiveCfg = Release|Any CPU
		{A7216BA4-6A36-4C77-97C9-F4282E75BDFA}.Release|Any CPU.Build.0 = Release|Any CPU
		{65259D52-999B-4DFF-9E05-67617864996E}.Debug|Any CPU.ActiveCfg = Debug|Any CPU
		{65259D52-999B-4DFF-9E05-67617864996E}.Debug|Any CPU.Build.0 = Debug|Any CPU
		{65259D52-999B-4DFF-9E05-67617864996E}.Release|Any CPU.ActiveCfg = Release|Any CPU
		{65259D52-999B-4DFF-9E05-67617864996E}.Release|Any CPU.Build.0 = Release|Any CPU
		{4E574725-5C21-455D-9F72-C3EFC4C9662D}.Debug|Any CPU.ActiveCfg = Debug|Any CPU
		{4E574725-5C21-455D-9F72-C3EFC4C9662D}.Debug|Any CPU.Build.0 = Debug|Any CPU
		{4E574725-5C21-455D-9F72-C3EFC4C9662D}.Release|Any CPU.ActiveCfg = Release|Any CPU
		{4E574725-5C21-455D-9F72-C3EFC4C9662D}.Release|Any CPU.Build.0 = Release|Any CPU
		{618F8E4F-3526-4E0F-BE29-B1B465690DB4}.Debug|Any CPU.ActiveCfg = Debug|Any CPU
		{618F8E4F-3526-4E0F-BE29-B1B465690DB4}.Debug|Any CPU.Build.0 = Debug|Any CPU
		{618F8E4F-3526-4E0F-BE29-B1B465690DB4}.Release|Any CPU.ActiveCfg = Release|Any CPU
		{618F8E4F-3526-4E0F-BE29-B1B465690DB4}.Release|Any CPU.Build.0 = Release|Any CPU
		{4C58CDFD-7129-487B-AD41-821B043B99DD}.Debug|Any CPU.ActiveCfg = Debug|Any CPU
		{4C58CDFD-7129-487B-AD41-821B043B99DD}.Debug|Any CPU.Build.0 = Debug|Any CPU
		{4C58CDFD-7129-487B-AD41-821B043B99DD}.Release|Any CPU.ActiveCfg = Release|Any CPU
		{4C58CDFD-7129-487B-AD41-821B043B99DD}.Release|Any CPU.Build.0 = Release|Any CPU
		{B6F37BBF-36EB-4DBF-BB0F-F4C8E26FC3C0}.Debug|Any CPU.ActiveCfg = Debug|Any CPU
		{B6F37BBF-36EB-4DBF-BB0F-F4C8E26FC3C0}.Debug|Any CPU.Build.0 = Debug|Any CPU
		{B6F37BBF-36EB-4DBF-BB0F-F4C8E26FC3C0}.Release|Any CPU.ActiveCfg = Release|Any CPU
		{B6F37BBF-36EB-4DBF-BB0F-F4C8E26FC3C0}.Release|Any CPU.Build.0 = Release|Any CPU
		{D4EBCB02-FDBE-4EB1-AC4E-C1643F32893B}.Debug|Any CPU.ActiveCfg = Debug|Any CPU
		{D4EBCB02-FDBE-4EB1-AC4E-C1643F32893B}.Debug|Any CPU.Build.0 = Debug|Any CPU
		{D4EBCB02-FDBE-4EB1-AC4E-C1643F32893B}.Release|Any CPU.ActiveCfg = Release|Any CPU
		{D4EBCB02-FDBE-4EB1-AC4E-C1643F32893B}.Release|Any CPU.Build.0 = Release|Any CPU
	EndGlobalSection
	GlobalSection(SolutionProperties) = preSolution
		HideSolutionNode = FALSE
	EndGlobalSection
	GlobalSection(NestedProjects) = preSolution
		{8D257B99-F756-442B-8841-BA8378549F63} = {D8741502-386E-4808-9E9F-06357D056776}
		{E1478D27-026B-420E-B9D6-110841526CDB} = {D8741502-386E-4808-9E9F-06357D056776}
		{E8720F52-E1F7-4007-8F5A-650F599AB454} = {D8741502-386E-4808-9E9F-06357D056776}
		{482FC5C8-11CC-4F27-A431-CFDA3BDD1275} = {B733B51A-787F-4C79-8ACF-0C22ECAFD189}
		{69FE9D54-A376-42C0-84DB-781D17E8FA5E} = {B733B51A-787F-4C79-8ACF-0C22ECAFD189}
		{BF182A85-CA22-40FE-9D39-2492F2081B94} = {B733B51A-787F-4C79-8ACF-0C22ECAFD189}
		{19BDDE2D-95A4-4B1B-9BD0-270454282AA7} = {6393E446-FA32-4D0C-B320-0BD0040FC407}
		{BCC85CA0-4229-4F3C-A5E5-5ABCDD70133C} = {6393E446-FA32-4D0C-B320-0BD0040FC407}
		{A4AEB2CA-C6F7-455B-B5FE-41DA8620C5A5} = {6393E446-FA32-4D0C-B320-0BD0040FC407}
		{56DE78C7-15C1-44EC-9E95-39BF53393AAE} = {F63BFCC1-34E4-42B1-BE57-9ED0DA13BD8F}
		{3CA838AE-2056-4A77-9BD6-3615865E8CD9} = {F63BFCC1-34E4-42B1-BE57-9ED0DA13BD8F}
		{A7216BA4-6A36-4C77-97C9-F4282E75BDFA} = {F63BFCC1-34E4-42B1-BE57-9ED0DA13BD8F}
		{65259D52-999B-4DFF-9E05-67617864996E} = {EC636F83-D728-41E3-B239-46C04FE10449}
		{4E574725-5C21-455D-9F72-C3EFC4C9662D} = {EC636F83-D728-41E3-B239-46C04FE10449}
		{618F8E4F-3526-4E0F-BE29-B1B465690DB4} = {EC636F83-D728-41E3-B239-46C04FE10449}
		{4C58CDFD-7129-487B-AD41-821B043B99DD} = {BC0F05D5-2A4E-4F2F-A9DA-21FDE3BD8C7A}
		{B6F37BBF-36EB-4DBF-BB0F-F4C8E26FC3C0} = {BC0F05D5-2A4E-4F2F-A9DA-21FDE3BD8C7A}
		{D4EBCB02-FDBE-4EB1-AC4E-C1643F32893B} = {BC0F05D5-2A4E-4F2F-A9DA-21FDE3BD8C7A}
	EndGlobalSection
	GlobalSection(ExtensibilityGlobals) = postSolution
		SolutionGuid = {40EAE632-1B53-4CCC-996B-D274332AC979}
	EndGlobalSection
EndGlobal
